PODS:
  - CHIPageControl (0.2):
    - CHIPageControl/Aji (= 0.2)
    - CHIPageControl/Aleppo (= 0.2)
    - CHIPageControl/Chimayo (= 0.2)
    - CHIPageControl/Fresno (= 0.2)
    - CHIPageControl/Jalapeno (= 0.2)
    - CHIPageControl/Jaloro (= 0.2)
    - CHIPageControl/Paprika (= 0.2)
    - CHIPageControl/Puya (= 0.2)
  - CHIPageControl/Aji (0.2)
  - CHIPageControl/Aleppo (0.2)
  - CHIPageControl/Chimayo (0.2)
  - CHIPageControl/Fresno (0.2)
  - CHIPageControl/Jalapeno (0.2)
  - CHIPageControl/Jaloro (0.2)
  - CHIPageControl/Paprika (0.2)
  - CHIPageControl/Puya (0.2)
  - ZKCycleScrollView (2.0.1)

DEPENDENCIES:
  - CHIPageControl
  - ZKCycleScrollView

SPEC REPOS:
  trunk:
    - CHIPageControl
    - ZKCycleScrollView

SPEC CHECKSUMS:
  CHIPageControl: a787bf7205c9b7e7fbfc412be36c5e8636b68f86
  ZKCycleScrollView: 4b353d17b7f469b245a1c606d5a977e72b940895

PODFILE CHECKSUM: 6ba3b4f2456a3f35b2e8dc916d4b993c6da45486

COCOAPODS: 1.8.4
