// !$*UTF8*$!
{
	archiveVersion = 1;
	classes = {
	};
	objectVersion = 51;
	objects = {

/* Begin PBXBuildFile section */
		7A3B857123788A88005305EB /* Main.storyboard in Resources */ = {isa = PBXBuildFile; fileRef = 7A3B857023788A88005305EB /* Main.storyboard */; };
		7A3B857523788D78005305EB /* ImageCell.m in Sources */ = {isa = PBXBuildFile; fileRef = 7A3B857323788D78005305EB /* ImageCell.m */; };
		7A3B857623788D78005305EB /* ImageCell.xib in Resources */ = {isa = PBXBuildFile; fileRef = 7A3B857423788D78005305EB /* ImageCell.xib */; };
		7A3B857923789415005305EB /* SubViewController.m in Sources */ = {isa = PBXBuildFile; fileRef = 7A3B857823789415005305EB /* SubViewController.m */; };
		7A3B857C23789FCF005305EB /* UIColor+Random.m in Sources */ = {isa = PBXBuildFile; fileRef = 7A3B857B23789FCF005305EB /* UIColor+Random.m */; };
		98CF42BBF1B618042C11CD6F /* Pods_ZKCycleScrollViewDemo_OC.framework in Frameworks */ = {isa = PBXBuildFile; fileRef = A8EFA2444EF60AE1740CF251 /* Pods_ZKCycleScrollViewDemo_OC.framework */; };
		FDB2AD6B224518EE00B5EF30 /* Untitled.gif in Resources */ = {isa = PBXBuildFile; fileRef = FDB2AD6A224518EE00B5EF30 /* Untitled.gif */; };
		FDD96CA4224390B300B313A2 /* TextCell.m in Sources */ = {isa = PBXBuildFile; fileRef = FDD96CA2224390B300B313A2 /* TextCell.m */; };
		FDD96CA5224390B300B313A2 /* TextCell.xib in Resources */ = {isa = PBXBuildFile; fileRef = FDD96CA3224390B300B313A2 /* TextCell.xib */; };
		FDEA2B95223395AA00E0D5EB /* AppDelegate.m in Sources */ = {isa = PBXBuildFile; fileRef = FDEA2B94223395AA00E0D5EB /* AppDelegate.m */; };
		FDEA2B98223395AA00E0D5EB /* ViewController.m in Sources */ = {isa = PBXBuildFile; fileRef = FDEA2B97223395AA00E0D5EB /* ViewController.m */; };
		FDEA2B9D223395AB00E0D5EB /* Assets.xcassets in Resources */ = {isa = PBXBuildFile; fileRef = FDEA2B9C223395AB00E0D5EB /* Assets.xcassets */; };
		FDEA2BA0223395AB00E0D5EB /* LaunchScreen.storyboard in Resources */ = {isa = PBXBuildFile; fileRef = FDEA2B9E223395AB00E0D5EB /* LaunchScreen.storyboard */; };
		FDEA2BA3223395AB00E0D5EB /* main.m in Sources */ = {isa = PBXBuildFile; fileRef = FDEA2BA2223395AB00E0D5EB /* main.m */; };
/* End PBXBuildFile section */

/* Begin PBXFileReference section */
		7A3B857023788A88005305EB /* Main.storyboard */ = {isa = PBXFileReference; fileEncoding = 4; lastKnownFileType = file.storyboard; path = Main.storyboard; sourceTree = "<group>"; };
		7A3B857223788D78005305EB /* ImageCell.h */ = {isa = PBXFileReference; lastKnownFileType = sourcecode.c.h; path = ImageCell.h; sourceTree = "<group>"; };
		7A3B857323788D78005305EB /* ImageCell.m */ = {isa = PBXFileReference; lastKnownFileType = sourcecode.c.objc; path = ImageCell.m; sourceTree = "<group>"; };
		7A3B857423788D78005305EB /* ImageCell.xib */ = {isa = PBXFileReference; lastKnownFileType = file.xib; path = ImageCell.xib; sourceTree = "<group>"; };
		7A3B857723789415005305EB /* SubViewController.h */ = {isa = PBXFileReference; lastKnownFileType = sourcecode.c.h; path = SubViewController.h; sourceTree = "<group>"; };
		7A3B857823789415005305EB /* SubViewController.m */ = {isa = PBXFileReference; lastKnownFileType = sourcecode.c.objc; path = SubViewController.m; sourceTree = "<group>"; };
		7A3B857A23789FCF005305EB /* UIColor+Random.h */ = {isa = PBXFileReference; lastKnownFileType = sourcecode.c.h; path = "UIColor+Random.h"; sourceTree = "<group>"; };
		7A3B857B23789FCF005305EB /* UIColor+Random.m */ = {isa = PBXFileReference; lastKnownFileType = sourcecode.c.objc; path = "UIColor+Random.m"; sourceTree = "<group>"; };
		A0C49D4B35E329515D262A84 /* Pods-ZKCycleScrollViewDemo-OC.debug.xcconfig */ = {isa = PBXFileReference; includeInIndex = 1; lastKnownFileType = text.xcconfig; name = "Pods-ZKCycleScrollViewDemo-OC.debug.xcconfig"; path = "Pods/Target Support Files/Pods-ZKCycleScrollViewDemo-OC/Pods-ZKCycleScrollViewDemo-OC.debug.xcconfig"; sourceTree = "<group>"; };
		A8EFA2444EF60AE1740CF251 /* Pods_ZKCycleScrollViewDemo_OC.framework */ = {isa = PBXFileReference; explicitFileType = wrapper.framework; includeInIndex = 0; path = Pods_ZKCycleScrollViewDemo_OC.framework; sourceTree = BUILT_PRODUCTS_DIR; };
		CE119BB709AF0699519A0B65 /* Pods-ZKCycleScrollViewDemo-OC.release.xcconfig */ = {isa = PBXFileReference; includeInIndex = 1; lastKnownFileType = text.xcconfig; name = "Pods-ZKCycleScrollViewDemo-OC.release.xcconfig"; path = "Pods/Target Support Files/Pods-ZKCycleScrollViewDemo-OC/Pods-ZKCycleScrollViewDemo-OC.release.xcconfig"; sourceTree = "<group>"; };
		FDB2AD6A224518EE00B5EF30 /* Untitled.gif */ = {isa = PBXFileReference; lastKnownFileType = image.gif; path = Untitled.gif; sourceTree = "<group>"; };
		FDD96CA1224390B300B313A2 /* TextCell.h */ = {isa = PBXFileReference; lastKnownFileType = sourcecode.c.h; path = TextCell.h; sourceTree = "<group>"; };
		FDD96CA2224390B300B313A2 /* TextCell.m */ = {isa = PBXFileReference; lastKnownFileType = sourcecode.c.objc; path = TextCell.m; sourceTree = "<group>"; };
		FDD96CA3224390B300B313A2 /* TextCell.xib */ = {isa = PBXFileReference; lastKnownFileType = file.xib; path = TextCell.xib; sourceTree = "<group>"; };
		FDEA2B90223395AA00E0D5EB /* ZKCycleScrollViewDemo-OC.app */ = {isa = PBXFileReference; explicitFileType = wrapper.application; includeInIndex = 0; path = "ZKCycleScrollViewDemo-OC.app"; sourceTree = BUILT_PRODUCTS_DIR; };
		FDEA2B93223395AA00E0D5EB /* AppDelegate.h */ = {isa = PBXFileReference; lastKnownFileType = sourcecode.c.h; path = AppDelegate.h; sourceTree = "<group>"; };
		FDEA2B94223395AA00E0D5EB /* AppDelegate.m */ = {isa = PBXFileReference; lastKnownFileType = sourcecode.c.objc; path = AppDelegate.m; sourceTree = "<group>"; };
		FDEA2B96223395AA00E0D5EB /* ViewController.h */ = {isa = PBXFileReference; lastKnownFileType = sourcecode.c.h; path = ViewController.h; sourceTree = "<group>"; };
		FDEA2B97223395AA00E0D5EB /* ViewController.m */ = {isa = PBXFileReference; lastKnownFileType = sourcecode.c.objc; path = ViewController.m; sourceTree = "<group>"; };
		FDEA2B9C223395AB00E0D5EB /* Assets.xcassets */ = {isa = PBXFileReference; lastKnownFileType = folder.assetcatalog; path = Assets.xcassets; sourceTree = "<group>"; };
		FDEA2B9F223395AB00E0D5EB /* Base */ = {isa = PBXFileReference; lastKnownFileType = file.storyboard; name = Base; path = Base.lproj/LaunchScreen.storyboard; sourceTree = "<group>"; };
		FDEA2BA1223395AB00E0D5EB /* Info.plist */ = {isa = PBXFileReference; lastKnownFileType = text.plist.xml; path = Info.plist; sourceTree = "<group>"; };
		FDEA2BA2223395AB00E0D5EB /* main.m */ = {isa = PBXFileReference; lastKnownFileType = sourcecode.c.objc; path = main.m; sourceTree = "<group>"; };
/* End PBXFileReference section */

/* Begin PBXFrameworksBuildPhase section */
		FDEA2B8D223395AA00E0D5EB /* Frameworks */ = {
			isa = PBXFrameworksBuildPhase;
			buildActionMask = 2147483647;
			files = (
				98CF42BBF1B618042C11CD6F /* Pods_ZKCycleScrollViewDemo_OC.framework in Frameworks */,
			);
			runOnlyForDeploymentPostprocessing = 0;
		};
/* End PBXFrameworksBuildPhase section */

/* Begin PBXGroup section */
		37A93ABBE931BA9FBD60D58B /* Frameworks */ = {
			isa = PBXGroup;
			children = (
				A8EFA2444EF60AE1740CF251 /* Pods_ZKCycleScrollViewDemo_OC.framework */,
			);
			name = Frameworks;
			sourceTree = "<group>";
		};
		E4BA78A0BC34E75CDED4848A /* Pods */ = {
			isa = PBXGroup;
			children = (
				A0C49D4B35E329515D262A84 /* Pods-ZKCycleScrollViewDemo-OC.debug.xcconfig */,
				CE119BB709AF0699519A0B65 /* Pods-ZKCycleScrollViewDemo-OC.release.xcconfig */,
			);
			name = Pods;
			sourceTree = "<group>";
		};
		FDEA2B87223395AA00E0D5EB = {
			isa = PBXGroup;
			children = (
				FDEA2B92223395AA00E0D5EB /* ZKCycleScrollViewDemo-OC */,
				FDEA2B91223395AA00E0D5EB /* Products */,
				E4BA78A0BC34E75CDED4848A /* Pods */,
				37A93ABBE931BA9FBD60D58B /* Frameworks */,
			);
			sourceTree = "<group>";
		};
		FDEA2B91223395AA00E0D5EB /* Products */ = {
			isa = PBXGroup;
			children = (
				FDEA2B90223395AA00E0D5EB /* ZKCycleScrollViewDemo-OC.app */,
			);
			name = Products;
			sourceTree = "<group>";
		};
		FDEA2B92223395AA00E0D5EB /* ZKCycleScrollViewDemo-OC */ = {
			isa = PBXGroup;
			children = (
				FDEA2B93223395AA00E0D5EB /* AppDelegate.h */,
				FDEA2B94223395AA00E0D5EB /* AppDelegate.m */,
				FDEA2B96223395AA00E0D5EB /* ViewController.h */,
				FDEA2B97223395AA00E0D5EB /* ViewController.m */,
				7A3B857723789415005305EB /* SubViewController.h */,
				7A3B857823789415005305EB /* SubViewController.m */,
				7A3B857223788D78005305EB /* ImageCell.h */,
				7A3B857323788D78005305EB /* ImageCell.m */,
				7A3B857423788D78005305EB /* ImageCell.xib */,
				FDD96CA1224390B300B313A2 /* TextCell.h */,
				FDD96CA2224390B300B313A2 /* TextCell.m */,
				FDD96CA3224390B300B313A2 /* TextCell.xib */,
				7A3B857A23789FCF005305EB /* UIColor+Random.h */,
				7A3B857B23789FCF005305EB /* UIColor+Random.m */,
				7A3B857023788A88005305EB /* Main.storyboard */,
				FDEA2B9C223395AB00E0D5EB /* Assets.xcassets */,
				FDEA2B9E223395AB00E0D5EB /* LaunchScreen.storyboard */,
				FDEA2BA1223395AB00E0D5EB /* Info.plist */,
				FDEA2BA2223395AB00E0D5EB /* main.m */,
				FDB2AD6A224518EE00B5EF30 /* Untitled.gif */,
			);
			path = "ZKCycleScrollViewDemo-OC";
			sourceTree = "<group>";
		};
/* End PBXGroup section */

/* Begin PBXNativeTarget section */
		FDEA2B8F223395AA00E0D5EB /* ZKCycleScrollViewDemo-OC */ = {
			isa = PBXNativeTarget;
			buildConfigurationList = FDEA2BA6223395AB00E0D5EB /* Build configuration list for PBXNativeTarget "ZKCycleScrollViewDemo-OC" */;
			buildPhases = (
				1044BD3229813429CFBB7577 /* [CP] Check Pods Manifest.lock */,
				FDEA2B8C223395AA00E0D5EB /* Sources */,
				FDEA2B8D223395AA00E0D5EB /* Frameworks */,
				FDEA2B8E223395AA00E0D5EB /* Resources */,
				3F2D902E6765F2CCB47FA40A /* [CP] Embed Pods Frameworks */,
			);
			buildRules = (
			);
			dependencies = (
			);
			name = "ZKCycleScrollViewDemo-OC";
			productName = "ZKCycleScrollViewDemo-OC";
			productReference = FDEA2B90223395AA00E0D5EB /* ZKCycleScrollViewDemo-OC.app */;
			productType = "com.apple.product-type.application";
		};
/* End PBXNativeTarget section */

/* Begin PBXProject section */
		FDEA2B88223395AA00E0D5EB /* Project object */ = {
			isa = PBXProject;
			attributes = {
				LastUpgradeCheck = 1030;
				ORGANIZATIONNAME = bestdew;
				TargetAttributes = {
					FDEA2B8F223395AA00E0D5EB = {
						CreatedOnToolsVersion = 10.0;
					};
				};
			};
			buildConfigurationList = FDEA2B8B223395AA00E0D5EB /* Build configuration list for PBXProject "ZKCycleScrollViewDemo-OC" */;
			compatibilityVersion = "Xcode 9.3";
			developmentRegion = en;
			hasScannedForEncodings = 0;
			knownRegions = (
				en,
				Base,
			);
			mainGroup = FDEA2B87223395AA00E0D5EB;
			productRefGroup = FDEA2B91223395AA00E0D5EB /* Products */;
			projectDirPath = "";
			projectRoot = "";
			targets = (
				FDEA2B8F223395AA00E0D5EB /* ZKCycleScrollViewDemo-OC */,
			);
		};
/* End PBXProject section */

/* Begin PBXResourcesBuildPhase section */
		FDEA2B8E223395AA00E0D5EB /* Resources */ = {
			isa = PBXResourcesBuildPhase;
			buildActionMask = 2147483647;
			files = (
				FDEA2BA0223395AB00E0D5EB /* LaunchScreen.storyboard in Resources */,
				FDB2AD6B224518EE00B5EF30 /* Untitled.gif in Resources */,
				7A3B857623788D78005305EB /* ImageCell.xib in Resources */,
				7A3B857123788A88005305EB /* Main.storyboard in Resources */,
				FDD96CA5224390B300B313A2 /* TextCell.xib in Resources */,
				FDEA2B9D223395AB00E0D5EB /* Assets.xcassets in Resources */,
			);
			runOnlyForDeploymentPostprocessing = 0;
		};
/* End PBXResourcesBuildPhase section */

/* Begin PBXShellScriptBuildPhase section */
		1044BD3229813429CFBB7577 /* [CP] Check Pods Manifest.lock */ = {
			isa = PBXShellScriptBuildPhase;
			buildActionMask = 2147483647;
			files = (
			);
			inputFileListPaths = (
			);
			inputPaths = (
				"${PODS_PODFILE_DIR_PATH}/Podfile.lock",
				"${PODS_ROOT}/Manifest.lock",
			);
			name = "[CP] Check Pods Manifest.lock";
			outputFileListPaths = (
			);
			outputPaths = (
				"$(DERIVED_FILE_DIR)/Pods-ZKCycleScrollViewDemo-OC-checkManifestLockResult.txt",
			);
			runOnlyForDeploymentPostprocessing = 0;
			shellPath = /bin/sh;
			shellScript = "diff \"${PODS_PODFILE_DIR_PATH}/Podfile.lock\" \"${PODS_ROOT}/Manifest.lock\" > /dev/null\nif [ $? != 0 ] ; then\n    # print error to STDERR\n    echo \"error: The sandbox is not in sync with the Podfile.lock. Run 'pod install' or update your CocoaPods installation.\" >&2\n    exit 1\nfi\n# This output is used by Xcode 'outputs' to avoid re-running this script phase.\necho \"SUCCESS\" > \"${SCRIPT_OUTPUT_FILE_0}\"\n";
			showEnvVarsInLog = 0;
		};
		3F2D902E6765F2CCB47FA40A /* [CP] Embed Pods Frameworks */ = {
			isa = PBXShellScriptBuildPhase;
			buildActionMask = 2147483647;
			files = (
			);
			inputFileListPaths = (
				"${PODS_ROOT}/Target Support Files/Pods-ZKCycleScrollViewDemo-OC/Pods-ZKCycleScrollViewDemo-OC-frameworks-${CONFIGURATION}-input-files.xcfilelist",
			);
			name = "[CP] Embed Pods Frameworks";
			outputFileListPaths = (
				"${PODS_ROOT}/Target Support Files/Pods-ZKCycleScrollViewDemo-OC/Pods-ZKCycleScrollViewDemo-OC-frameworks-${CONFIGURATION}-output-files.xcfilelist",
			);
			runOnlyForDeploymentPostprocessing = 0;
			shellPath = /bin/sh;
			shellScript = "\"${PODS_ROOT}/Target Support Files/Pods-ZKCycleScrollViewDemo-OC/Pods-ZKCycleScrollViewDemo-OC-frameworks.sh\"\n";
			showEnvVarsInLog = 0;
		};
/* End PBXShellScriptBuildPhase section */

/* Begin PBXSourcesBuildPhase section */
		FDEA2B8C223395AA00E0D5EB /* Sources */ = {
			isa = PBXSourcesBuildPhase;
			buildActionMask = 2147483647;
			files = (
				FDEA2B98223395AA00E0D5EB /* ViewController.m in Sources */,
				FDD96CA4224390B300B313A2 /* TextCell.m in Sources */,
				FDEA2BA3223395AB00E0D5EB /* main.m in Sources */,
				7A3B857C23789FCF005305EB /* UIColor+Random.m in Sources */,
				7A3B857923789415005305EB /* SubViewController.m in Sources */,
				7A3B857523788D78005305EB /* ImageCell.m in Sources */,
				FDEA2B95223395AA00E0D5EB /* AppDelegate.m in Sources */,
			);
			runOnlyForDeploymentPostprocessing = 0;
		};
/* End PBXSourcesBuildPhase section */

/* Begin PBXVariantGroup section */
		FDEA2B9E223395AB00E0D5EB /* LaunchScreen.storyboard */ = {
			isa = PBXVariantGroup;
			children = (
				FDEA2B9F223395AB00E0D5EB /* Base */,
			);
			name = LaunchScreen.storyboard;
			sourceTree = "<group>";
		};
/* End PBXVariantGroup section */

/* Begin XCBuildConfiguration section */
		FDEA2BA4223395AB00E0D5EB /* Debug */ = {
			isa = XCBuildConfiguration;
			buildSettings = {
				ALWAYS_SEARCH_USER_PATHS = NO;
				CLANG_ANALYZER_NONNULL = YES;
				CLANG_ANALYZER_NUMBER_OBJECT_CONVERSION = YES_AGGRESSIVE;
				CLANG_CXX_LANGUAGE_STANDARD = "gnu++14";
				CLANG_CXX_LIBRARY = "libc++";
				CLANG_ENABLE_MODULES = YES;
				CLANG_ENABLE_OBJC_ARC = YES;
				CLANG_ENABLE_OBJC_WEAK = YES;
				CLANG_WARN_BLOCK_CAPTURE_AUTORELEASING = YES;
				CLANG_WARN_BOOL_CONVERSION = YES;
				CLANG_WARN_COMMA = YES;
				CLANG_WARN_CONSTANT_CONVERSION = YES;
				CLANG_WARN_DEPRECATED_OBJC_IMPLEMENTATIONS = YES;
				CLANG_WARN_DIRECT_OBJC_ISA_USAGE = YES_ERROR;
				CLANG_WARN_DOCUMENTATION_COMMENTS = NO;
				CLANG_WARN_EMPTY_BODY = YES;
				CLANG_WARN_ENUM_CONVERSION = YES;
				CLANG_WARN_INFINITE_RECURSION = YES;
				CLANG_WARN_INT_CONVERSION = YES;
				CLANG_WARN_NON_LITERAL_NULL_CONVERSION = YES;
				CLANG_WARN_OBJC_IMPLICIT_RETAIN_SELF = NO;
				CLANG_WARN_OBJC_LITERAL_CONVERSION = YES;
				CLANG_WARN_OBJC_ROOT_CLASS = YES_ERROR;
				CLANG_WARN_RANGE_LOOP_ANALYSIS = YES;
				CLANG_WARN_STRICT_PROTOTYPES = NO;
				CLANG_WARN_SUSPICIOUS_MOVE = YES;
				CLANG_WARN_UNGUARDED_AVAILABILITY = YES_AGGRESSIVE;
				CLANG_WARN_UNREACHABLE_CODE = YES;
				CLANG_WARN__DUPLICATE_METHOD_MATCH = YES;
				CODE_SIGN_IDENTITY = "iPhone Developer";
				COPY_PHASE_STRIP = NO;
				DEBUG_INFORMATION_FORMAT = dwarf;
				ENABLE_STRICT_OBJC_MSGSEND = YES;
				ENABLE_TESTABILITY = YES;
				GCC_C_LANGUAGE_STANDARD = gnu11;
				GCC_DYNAMIC_NO_PIC = NO;
				GCC_NO_COMMON_BLOCKS = YES;
				GCC_OPTIMIZATION_LEVEL = 0;
				GCC_PREPROCESSOR_DEFINITIONS = (
					"DEBUG=1",
					"$(inherited)",
				);
				GCC_WARN_64_TO_32_BIT_CONVERSION = YES;
				GCC_WARN_ABOUT_RETURN_TYPE = YES_ERROR;
				GCC_WARN_UNDECLARED_SELECTOR = YES;
				GCC_WARN_UNINITIALIZED_AUTOS = YES_AGGRESSIVE;
				GCC_WARN_UNUSED_FUNCTION = YES;
				GCC_WARN_UNUSED_VARIABLE = YES;
				IPHONEOS_DEPLOYMENT_TARGET = 8.0;
				MTL_ENABLE_DEBUG_INFO = INCLUDE_SOURCE;
				MTL_FAST_MATH = YES;
				ONLY_ACTIVE_ARCH = YES;
				SDKROOT = iphoneos;
			};
			name = Debug;
		};
		FDEA2BA5223395AB00E0D5EB /* Release */ = {
			isa = XCBuildConfiguration;
			buildSettings = {
				ALWAYS_SEARCH_USER_PATHS = NO;
				CLANG_ANALYZER_NONNULL = YES;
				CLANG_ANALYZER_NUMBER_OBJECT_CONVERSION = YES_AGGRESSIVE;
				CLANG_CXX_LANGUAGE_STANDARD = "gnu++14";
				CLANG_CXX_LIBRARY = "libc++";
				CLANG_ENABLE_MODULES = YES;
				CLANG_ENABLE_OBJC_ARC = YES;
				CLANG_ENABLE_OBJC_WEAK = YES;
				CLANG_WARN_BLOCK_CAPTURE_AUTORELEASING = YES;
				CLANG_WARN_BOOL_CONVERSION = YES;
				CLANG_WARN_COMMA = YES;
				CLANG_WARN_CONSTANT_CONVERSION = YES;
				CLANG_WARN_DEPRECATED_OBJC_IMPLEMENTATIONS = YES;
				CLANG_WARN_DIRECT_OBJC_ISA_USAGE = YES_ERROR;
				CLANG_WARN_DOCUMENTATION_COMMENTS = NO;
				CLANG_WARN_EMPTY_BODY = YES;
				CLANG_WARN_ENUM_CONVERSION = YES;
				CLANG_WARN_INFINITE_RECURSION = YES;
				CLANG_WARN_INT_CONVERSION = YES;
				CLANG_WARN_NON_LITERAL_NULL_CONVERSION = YES;
				CLANG_WARN_OBJC_IMPLICIT_RETAIN_SELF = NO;
				CLANG_WARN_OBJC_LITERAL_CONVERSION = YES;
				CLANG_WARN_OBJC_ROOT_CLASS = YES_ERROR;
				CLANG_WARN_RANGE_LOOP_ANALYSIS = YES;
				CLANG_WARN_STRICT_PROTOTYPES = NO;
				CLANG_WARN_SUSPICIOUS_MOVE = YES;
				CLANG_WARN_UNGUARDED_AVAILABILITY = YES_AGGRESSIVE;
				CLANG_WARN_UNREACHABLE_CODE = YES;
				CLANG_WARN__DUPLICATE_METHOD_MATCH = YES;
				CODE_SIGN_IDENTITY = "iPhone Developer";
				COPY_PHASE_STRIP = NO;
				DEBUG_INFORMATION_FORMAT = "dwarf-with-dsym";
				ENABLE_NS_ASSERTIONS = NO;
				ENABLE_STRICT_OBJC_MSGSEND = YES;
				GCC_C_LANGUAGE_STANDARD = gnu11;
				GCC_NO_COMMON_BLOCKS = YES;
				GCC_WARN_64_TO_32_BIT_CONVERSION = YES;
				GCC_WARN_ABOUT_RETURN_TYPE = YES_ERROR;
				GCC_WARN_UNDECLARED_SELECTOR = YES;
				GCC_WARN_UNINITIALIZED_AUTOS = YES_AGGRESSIVE;
				GCC_WARN_UNUSED_FUNCTION = YES;
				GCC_WARN_UNUSED_VARIABLE = YES;
				IPHONEOS_DEPLOYMENT_TARGET = 8.0;
				MTL_ENABLE_DEBUG_INFO = NO;
				MTL_FAST_MATH = YES;
				SDKROOT = iphoneos;
				VALIDATE_PRODUCT = YES;
			};
			name = Release;
		};
		FDEA2BA7223395AB00E0D5EB /* Debug */ = {
			isa = XCBuildConfiguration;
			baseConfigurationReference = A0C49D4B35E329515D262A84 /* Pods-ZKCycleScrollViewDemo-OC.debug.xcconfig */;
			buildSettings = {
				ALWAYS_EMBED_SWIFT_STANDARD_LIBRARIES = YES;
				ASSETCATALOG_COMPILER_APPICON_NAME = AppIcon;
				CODE_SIGN_STYLE = Automatic;
				DEVELOPMENT_TEAM = GFU6JA7V3M;
				INFOPLIST_FILE = "ZKCycleScrollViewDemo-OC/Info.plist";
				LD_RUNPATH_SEARCH_PATHS = (
					"$(inherited)",
					"@executable_path/Frameworks",
				);
				PRODUCT_BUNDLE_IDENTIFIER = "bestdew.ZKCycleScrollViewDemo-OC";
				PRODUCT_NAME = "$(TARGET_NAME)";
				TARGETED_DEVICE_FAMILY = "1,2";
			};
			name = Debug;
		};
		FDEA2BA8223395AB00E0D5EB /* Release */ = {
			isa = XCBuildConfiguration;
			baseConfigurationReference = CE119BB709AF0699519A0B65 /* Pods-ZKCycleScrollViewDemo-OC.release.xcconfig */;
			buildSettings = {
				ALWAYS_EMBED_SWIFT_STANDARD_LIBRARIES = YES;
				ASSETCATALOG_COMPILER_APPICON_NAME = AppIcon;
				CODE_SIGN_STYLE = Automatic;
				DEVELOPMENT_TEAM = GFU6JA7V3M;
				INFOPLIST_FILE = "ZKCycleScrollViewDemo-OC/Info.plist";
				LD_RUNPATH_SEARCH_PATHS = (
					"$(inherited)",
					"@executable_path/Frameworks",
				);
				PRODUCT_BUNDLE_IDENTIFIER = "bestdew.ZKCycleScrollViewDemo-OC";
				PRODUCT_NAME = "$(TARGET_NAME)";
				TARGETED_DEVICE_FAMILY = "1,2";
			};
			name = Release;
		};
/* End XCBuildConfiguration section */

/* Begin XCConfigurationList section */
		FDEA2B8B223395AA00E0D5EB /* Build configuration list for PBXProject "ZKCycleScrollViewDemo-OC" */ = {
			isa = XCConfigurationList;
			buildConfigurations = (
				FDEA2BA4223395AB00E0D5EB /* Debug */,
				FDEA2BA5223395AB00E0D5EB /* Release */,
			);
			defaultConfigurationIsVisible = 0;
			defaultConfigurationName = Release;
		};
		FDEA2BA6223395AB00E0D5EB /* Build configuration list for PBXNativeTarget "ZKCycleScrollViewDemo-OC" */ = {
			isa = XCConfigurationList;
			buildConfigurations = (
				FDEA2BA7223395AB00E0D5EB /* Debug */,
				FDEA2BA8223395AB00E0D5EB /* Release */,
			);
			defaultConfigurationIsVisible = 0;
			defaultConfigurationName = Release;
		};
/* End XCConfigurationList section */
	};
	rootObject = FDEA2B88223395AA00E0D5EB /* Project object */;
}
